
Microsoft Visual Studio Solution File, Format Version 12.00
# Visual Studio Version 16
VisualStudioVersion = 16.0.32126.315
MinimumVisualStudioVersion = 10.0.40219.1
Project("{888888A0-9F3D-457C-B088-3A5042F75D52}") = "timer", "timer.pyproj", "{74E526D1-CD15-49E3-BAB6-D8B121231E1A}"
EndProject
Global
	GlobalSection(SolutionConfigurationPlatforms) = preSolution
		Debug|Any CPU = Debug|Any CPU
		Release|Any CPU = Release|Any CPU
	EndGlobalSection
	GlobalSection(ProjectConfigurationPlatforms) = postSolution
		{74E526D1-CD15-49E3-BAB6-D8B121231E1A}.Debug|Any CPU.ActiveCfg = Debug|Any CPU
		{74E526D1-CD15-49E3-BAB6-D8B121231E1A}.Release|Any CPU.ActiveCfg = Release|Any CPU
	EndGlobalSection
	GlobalSection(SolutionProperties) = preSolution
		HideSolutionNode = FALSE
	EndGlobalSection
	GlobalSection(ExtensibilityGlobals) = postSolution
		SolutionGuid = {510F0A7D-5B81-44C8-B0CB-A348303A06CB}
	EndGlobalSection
EndGlobal
